// !$*UTF8*$!
{
	archiveVersion = 1;
	classes = {
	};
	objectVersion = 77;
	objects = {

/* Begin PBXBuildFile section */
		2417FCA63009393C0099599A /* ProgressStore.swift in Sources */ = {isa = PBXBuildFile; fileRef = 2417FCA03009393C0099599A /* ProgressStore.swift */; };
		2417FCA83009393C0099599A /* Stage.swift in Sources */ = {isa = PBXBuildFile; fileRef = 2417FCA13009393C0099599A /* Stage.swift */; };
		2417FCB1300939F50099599A /* WidgetKit.framework in Frameworks */ = {isa = PBXBuildFile; fileRef = 2417FCB0300939F50099599A /* WidgetKit.framework */; };
		2417FCB3300939F50099599A /* SwiftUI.framework in Frameworks */ = {isa = PBXBuildFile; fileRef = 2417FCB2300939F50099599A /* SwiftUI.framework */; };
		2417FCC2300939F60099599A /* ProjectTrackerWidgetExtension.appex in Embed Foundation Extensions */ = {isa = PBXBuildFile; fileRef = 2417FCAE300939F50099599A /* ProjectTrackerWidgetExtension.appex */; settings = {ATTRIBUTES = (RemoveHeadersOnCopy, ); }; };
		2417FCCD30093B7F0099599A /* Stage.swift in Sources */ = {isa = PBXBuildFile; fileRef = 2417FCA13009393C0099599A /* Stage.swift */; };
		2417FCCE30093B8D0099599A /* ProgressStore.swift in Sources */ = {isa = PBXBuildFile; fileRef = 2417FCA03009393C0099599A /* ProgressStore.swift */; };
/* End PBXBuildFile section */

/* Begin PBXContainerItemProxy section */
		2417FC78300938F60099599A /* PBXContainerItemProxy */ = {
			isa = PBXContainerItemProxy;
			containerPortal = 2417FC5D300938F50099599A /* Project object */;
			proxyType = 1;
			remoteGlobalIDString = 2417FC64300938F50099599A;
			remoteInfo = ProjectTracker;
		};
		2417FC82300938F60099599A /* PBXContainerItemProxy */ = {
			isa = PBXContainerItemProxy;
			containerPortal = 2417FC5D300938F50099599A /* Project object */;
			proxyType = 1;
			remoteGlobalIDString = 2417FC64300938F50099599A;
			remoteInfo = ProjectTracker;
		};
		2417FCC0300939F60099599A /* PBXContainerItemProxy */ = {
			isa = PBXContainerItemProxy;
			containerPortal = 2417FC5D300938F50099599A /* Project object */;
			proxyType = 1;
			remoteGlobalIDString = 2417FCAD300939F50099599A;
			remoteInfo = ProjectTrackerWidgetExtension;
		};
/* End PBXContainerItemProxy section */

/* Begin PBXCopyFilesBuildPhase section */
		2417FCC7300939F60099599A /* Embed Foundation Extensions */ = {
			isa = PBXCopyFilesBuildPhase;
			buildActionMask = 2147483647;
			dstPath = "";
			dstSubfolderSpec = 13;
			files = (
				2417FCC2300939F60099599A /* ProjectTrackerWidgetExtension.appex in Embed Foundation Extensions */,
			);
			name = "Embed Foundation Extensions";
			runOnlyForDeploymentPostprocessing = 0;
		};
/* End PBXCopyFilesBuildPhase section */

/* Begin PBXFileReference section */
		2417FC65300938F50099599A /* Project Tracker.app */ = {isa = PBXFileReference; explicitFileType = wrapper.application; includeInIndex = 0; path = "Project Tracker.app"; sourceTree = BUILT_PRODUCTS_DIR; };
		2417FC77300938F60099599A /* ProjectTrackerTests.xctest */ = {isa = PBXFileReference; explicitFileType = wrapper.cfbundle; includeInIndex = 0; path = ProjectTrackerTests.xctest; sourceTree = BUILT_PRODUCTS_DIR; };
		2417FC81300938F60099599A /* ProjectTrackerUITests.xctest */ = {isa = PBXFileReference; explicitFileType = wrapper.cfbundle; includeInIndex = 0; path = ProjectTrackerUITests.xctest; sourceTree = BUILT_PRODUCTS_DIR; };
		2417FCA03009393C0099599A /* ProgressStore.swift */ = {isa = PBXFileReference; lastKnownFileType = sourcecode.swift; path = ProgressStore.swift; sourceTree = "<group>"; };
		2417FCA13009393C0099599A /* Stage.swift */ = {isa = PBXFileReference; lastKnownFileType = sourcecode.swift; path = Stage.swift; sourceTree = "<group>"; };
		2417FCAE300939F50099599A /* ProjectTrackerWidgetExtension.appex */ = {isa = PBXFileReference; explicitFileType = "wrapper.app-extension"; includeInIndex = 0; path = ProjectTrackerWidgetExtension.appex; sourceTree = BUILT_PRODUCTS_DIR; };
		2417FCB0300939F50099599A /* WidgetKit.framework */ = {isa = PBXFileReference; lastKnownFileType = wrapper.framework; name = WidgetKit.framework; path = System/Library/Frameworks/WidgetKit.framework; sourceTree = SDKROOT; };
		2417FCB2300939F50099599A /* SwiftUI.framework */ = {isa = PBXFileReference; lastKnownFileType = wrapper.framework; name = SwiftUI.framework; path = System/Library/Frameworks/SwiftUI.framework; sourceTree = SDKROOT; };
		406E635B300B864500A1E38F /* ProjectTrackerWidgetExtension.entitlements */ = {isa = PBXFileReference; lastKnownFileType = text.plist.entitlements; path = ProjectTrackerWidgetExtension.entitlements; sourceTree = "<group>"; };
		C0DE0001000000000000AAAA /* Shared.xcconfig */ = {isa = PBXFileReference; lastKnownFileType = text.xcconfig; path = Shared.xcconfig; sourceTree = "<group>"; };
		C0DE0002000000000000AAAA /* Local.xcconfig.example */ = {isa = PBXFileReference; lastKnownFileType = text; path = Local.xcconfig.example; sourceTree = "<group>"; };
/* End PBXFileReference section */

/* Begin PBXFileSystemSynchronizedBuildFileExceptionSet section */
		2417FCC3300939F60099599A /* Exceptions for "ProjectTrackerWidget" folder in "ProjectTrackerWidgetExtension" target */ = {
			isa = PBXFileSystemSynchronizedBuildFileExceptionSet;
			membershipExceptions = (
				Info.plist,
			);
			target = 2417FCAD300939F50099599A /* ProjectTrackerWidgetExtension */;
		};
		406E6365300BECCB00A1E38F /* Exceptions for "ProjectTracker" folder in "ProjectTracker" target */ = {
			isa = PBXFileSystemSynchronizedBuildFileExceptionSet;
			membershipExceptions = (
				Info.plist,
			);
			target = 2417FC64300938F50099599A /* ProjectTracker */;
		};
/* End PBXFileSystemSynchronizedBuildFileExceptionSet section */

/* Begin PBXFileSystemSynchronizedRootGroup section */
		2417FC67300938F50099599A /* ProjectTracker */ = {
			isa = PBXFileSystemSynchronizedRootGroup;
			exceptions = (
				406E6365300BECCB00A1E38F /* Exceptions for "ProjectTracker" folder in "ProjectTracker" target */,
			);
			path = ProjectTracker;
			sourceTree = "<group>";
		};
		2417FC7A300938F60099599A /* ProjectTrackerTests */ = {
			isa = PBXFileSystemSynchronizedRootGroup;
			path = ProjectTrackerTests;
			sourceTree = "<group>";
		};
		2417FC84300938F60099599A /* ProjectTrackerUITests */ = {
			isa = PBXFileSystemSynchronizedRootGroup;
			path = ProjectTrackerUITests;
			sourceTree = "<group>";
		};
		2417FCB4300939F50099599A /* ProjectTrackerWidget */ = {
			isa = PBXFileSystemSynchronizedRootGroup;
			exceptions = (
				2417FCC3300939F60099599A /* Exceptions for "ProjectTrackerWidget" folder in "ProjectTrackerWidgetExtension" target */,
			);
			path = ProjectTrackerWidget;
			sourceTree = "<group>";
		};
/* End PBXFileSystemSynchronizedRootGroup section */

/* Begin PBXFrameworksBuildPhase section */
		2417FC62300938F50099599A /* Frameworks */ = {
			isa = PBXFrameworksBuildPhase;
			buildActionMask = 2147483647;
			files = (
			);
			runOnlyForDeploymentPostprocessing = 0;
		};
		2417FC74300938F60099599A /* Frameworks */ = {
			isa = PBXFrameworksBuildPhase;
			buildActionMask = 2147483647;
			files = (
			);
			runOnlyForDeploymentPostprocessing = 0;
		};
		2417FC7E300938F60099599A /* Frameworks */ = {
			isa = PBXFrameworksBuildPhase;
			buildActionMask = 2147483647;
			files = (
			);
			runOnlyForDeploymentPostprocessing = 0;
		};
		2417FCAB300939F50099599A /* Frameworks */ = {
			isa = PBXFrameworksBuildPhase;
			buildActionMask = 2147483647;
			files = (
				2417FCB3300939F50099599A /* SwiftUI.framework in Frameworks */,
				2417FCB1300939F50099599A /* WidgetKit.framework in Frameworks */,
			);
			runOnlyForDeploymentPostprocessing = 0;
		};
/* End PBXFrameworksBuildPhase section */

/* Begin PBXGroup section */
		2417FC5C300938F50099599A = {
			isa = PBXGroup;
			children = (
				C0DE0003000000000000AAAA /* Config */,
				406E635B300B864500A1E38F /* ProjectTrackerWidgetExtension.entitlements */,
				2417FCA23009393C0099599A /* Shared */,
				2417FC67300938F50099599A /* ProjectTracker */,
				2417FC7A300938F60099599A /* ProjectTrackerTests */,
				2417FC84300938F60099599A /* ProjectTrackerUITests */,
				2417FCB4300939F50099599A /* ProjectTrackerWidget */,
				2417FCAF300939F50099599A /* Frameworks */,
				2417FC66300938F50099599A /* Products */,
			);
			sourceTree = "<group>";
		};
		2417FC66300938F50099599A /* Products */ = {
			isa = PBXGroup;
			children = (
				2417FC65300938F50099599A /* Project Tracker.app */,
				2417FC77300938F60099599A /* ProjectTrackerTests.xctest */,
				2417FC81300938F60099599A /* ProjectTrackerUITests.xctest */,
				2417FCAE300939F50099599A /* ProjectTrackerWidgetExtension.appex */,
			);
			name = Products;
			sourceTree = "<group>";
		};
		2417FCA23009393C0099599A /* Shared */ = {
			isa = PBXGroup;
			children = (
				2417FCA03009393C0099599A /* ProgressStore.swift */,
				2417FCA13009393C0099599A /* Stage.swift */,
			);
			path = Shared;
			sourceTree = "<group>";
		};
		2417FCAF300939F50099599A /* Frameworks */ = {
			isa = PBXGroup;
			children = (
				2417FCB0300939F50099599A /* WidgetKit.framework */,
				2417FCB2300939F50099599A /* SwiftUI.framework */,
			);
			name = Frameworks;
			sourceTree = "<group>";
		};
		C0DE0003000000000000AAAA /* Config */ = {
			isa = PBXGroup;
			children = (
				C0DE0001000000000000AAAA /* Shared.xcconfig */,
				C0DE0002000000000000AAAA /* Local.xcconfig.example */,
			);
			path = Config;
			sourceTree = "<group>";
		};
/* End PBXGroup section */

/* Begin PBXNativeTarget section */
		2417FC64300938F50099599A /* ProjectTracker */ = {
			isa = PBXNativeTarget;
			buildConfigurationList = 2417FC8B300938F60099599A /* Build configuration list for PBXNativeTarget "ProjectTracker" */;
			buildPhases = (
				2417FC61300938F50099599A /* Sources */,
				2417FC62300938F50099599A /* Frameworks */,
				2417FC63300938F50099599A /* Resources */,
				2417FCC7300939F60099599A /* Embed Foundation Extensions */,
			);
			buildRules = (
			);
			dependencies = (
				2417FCC1300939F60099599A /* PBXTargetDependency */,
			);
			fileSystemSynchronizedGroups = (
				2417FC67300938F50099599A /* ProjectTracker */,
			);
			name = ProjectTracker;
			packageProductDependencies = (
			);
			productName = ProjectTracker;
			productReference = 2417FC65300938F50099599A /* Project Tracker.app */;
			productType = "com.apple.product-type.application";
		};
		2417FC76300938F60099599A /* ProjectTrackerTests */ = {
			isa = PBXNativeTarget;
			buildConfigurationList = 2417FC8E300938F60099599A /* Build configuration list for PBXNativeTarget "ProjectTrackerTests" */;
			buildPhases = (
				2417FC73300938F60099599A /* Sources */,
				2417FC74300938F60099599A /* Frameworks */,
				2417FC75300938F60099599A /* Resources */,
			);
			buildRules = (
			);
			dependencies = (
				2417FC79300938F60099599A /* PBXTargetDependency */,
			);
			fileSystemSynchronizedGroups = (
				2417FC7A300938F60099599A /* ProjectTrackerTests */,
			);
			name = ProjectTrackerTests;
			packageProductDependencies = (
			);
			productName = ProjectTrackerTests;
			productReference = 2417FC77300938F60099599A /* ProjectTrackerTests.xctest */;
			productType = "com.apple.product-type.bundle.unit-test";
		};
		2417FC80300938F60099599A /* ProjectTrackerUITests */ = {
			isa = PBXNativeTarget;
			buildConfigurationList = 2417FC91300938F60099599A /* Build configuration list for PBXNativeTarget "ProjectTrackerUITests" */;
			buildPhases = (
				2417FC7D300938F60099599A /* Sources */,
				2417FC7E300938F60099599A /* Frameworks */,
				2417FC7F300938F60099599A /* Resources */,
			);
			buildRules = (
			);
			dependencies = (
				2417FC83300938F60099599A /* PBXTargetDependency */,
			);
			fileSystemSynchronizedGroups = (
				2417FC84300938F60099599A /* ProjectTrackerUITests */,
			);
			name = ProjectTrackerUITests;
			packageProductDependencies = (
			);
			productName = ProjectTrackerUITests;
			productReference = 2417FC81300938F60099599A /* ProjectTrackerUITests.xctest */;
			productType = "com.apple.product-type.bundle.ui-testing";
		};
		2417FCAD300939F50099599A /* ProjectTrackerWidgetExtension */ = {
			isa = PBXNativeTarget;
			buildConfigurationList = 2417FCC4300939F60099599A /* Build configuration list for PBXNativeTarget "ProjectTrackerWidgetExtension" */;
			buildPhases = (
				2417FCAA300939F50099599A /* Sources */,
				2417FCAB300939F50099599A /* Frameworks */,
				2417FCAC300939F50099599A /* Resources */,
			);
			buildRules = (
			);
			dependencies = (
			);
			fileSystemSynchronizedGroups = (
				2417FCB4300939F50099599A /* ProjectTrackerWidget */,
			);
			name = ProjectTrackerWidgetExtension;
			packageProductDependencies = (
			);
			productName = ProjectTrackerWidgetExtension;
			productReference = 2417FCAE300939F50099599A /* ProjectTrackerWidgetExtension.appex */;
			productType = "com.apple.product-type.app-extension";
		};
/* End PBXNativeTarget section */

/* Begin PBXProject section */
		2417FC5D300938F50099599A /* Project object */ = {
			isa = PBXProject;
			attributes = {
				BuildIndependentTargetsInParallel = 1;
				LastSwiftUpdateCheck = 2600;
				LastUpgradeCheck = 2600;
				TargetAttributes = {
					2417FC64300938F50099599A = {
						CreatedOnToolsVersion = 26.0.1;
					};
					2417FC76300938F60099599A = {
						CreatedOnToolsVersion = 26.0.1;
						TestTargetID = 2417FC64300938F50099599A;
					};
					2417FC80300938F60099599A = {
						CreatedOnToolsVersion = 26.0.1;
						TestTargetID = 2417FC64300938F50099599A;
					};
					2417FCAD300939F50099599A = {
						CreatedOnToolsVersion = 26.0.1;
					};
				};
			};
			buildConfigurationList = 2417FC60300938F50099599A /* Build configuration list for PBXProject "ProjectTracker" */;
			developmentRegion = en;
			hasScannedForEncodings = 0;
			knownRegions = (
				en,
				Base,
			);
			mainGroup = 2417FC5C300938F50099599A;
			minimizedProjectReferenceProxies = 1;
			preferredProjectObjectVersion = 77;
			productRefGroup = 2417FC66300938F50099599A /* Products */;
			projectDirPath = "";
			projectRoot = "";
			targets = (
				2417FC64300938F50099599A /* ProjectTracker */,
				2417FC76300938F60099599A /* ProjectTrackerTests */,
				2417FC80300938F60099599A /* ProjectTrackerUITests */,
				2417FCAD300939F50099599A /* ProjectTrackerWidgetExtension */,
			);
		};
/* End PBXProject section */

/* Begin PBXResourcesBuildPhase section */
		2417FC63300938F50099599A /* Resources */ = {
			isa = PBXResourcesBuildPhase;
			buildActionMask = 2147483647;
			files = (
			);
			runOnlyForDeploymentPostprocessing = 0;
		};
		2417FC75300938F60099599A /* Resources */ = {
			isa = PBXResourcesBuildPhase;
			buildActionMask = 2147483647;
			files = (
			);
			runOnlyForDeploymentPostprocessing = 0;
		};
		2417FC7F300938F60099599A /* Resources */ = {
			isa = PBXResourcesBuildPhase;
			buildActionMask = 2147483647;
			files = (
			);
			runOnlyForDeploymentPostprocessing = 0;
		};
		2417FCAC300939F50099599A /* Resources */ = {
			isa = PBXResourcesBuildPhase;
			buildActionMask = 2147483647;
			files = (
			);
			runOnlyForDeploymentPostprocessing = 0;
		};
/* End PBXResourcesBuildPhase section */

/* Begin PBXSourcesBuildPhase section */
		2417FC61300938F50099599A /* Sources */ = {
			isa = PBXSourcesBuildPhase;
			buildActionMask = 2147483647;
			files = (
				2417FCA63009393C0099599A /* ProgressStore.swift in Sources */,
				2417FCA83009393C0099599A /* Stage.swift in Sources */,
			);
			runOnlyForDeploymentPostprocessing = 0;
		};
		2417FC73300938F60099599A /* Sources */ = {
			isa = PBXSourcesBuildPhase;
			buildActionMask = 2147483647;
			files = (
			);
			runOnlyForDeploymentPostprocessing = 0;
		};
		2417FC7D300938F60099599A /* Sources */ = {
			isa = PBXSourcesBuildPhase;
			buildActionMask = 2147483647;
			files = (
			);
			runOnlyForDeploymentPostprocessing = 0;
		};
		2417FCAA300939F50099599A /* Sources */ = {
			isa = PBXSourcesBuildPhase;
			buildActionMask = 2147483647;
			files = (
				2417FCCE30093B8D0099599A /* ProgressStore.swift in Sources */,
				2417FCCD30093B7F0099599A /* Stage.swift in Sources */,
			);
			runOnlyForDeploymentPostprocessing = 0;
		};
/* End PBXSourcesBuildPhase section */

/* Begin PBXTargetDependency section */
		2417FC79300938F60099599A /* PBXTargetDependency */ = {
			isa = PBXTargetDependency;
			target = 2417FC64300938F50099599A /* ProjectTracker */;
			targetProxy = 2417FC78300938F60099599A /* PBXContainerItemProxy */;
		};
		2417FC83300938F60099599A /* PBXTargetDependency */ = {
			isa = PBXTargetDependency;
			target = 2417FC64300938F50099599A /* ProjectTracker */;
			targetProxy = 2417FC82300938F60099599A /* PBXContainerItemProxy */;
		};
		2417FCC1300939F60099599A /* PBXTargetDependency */ = {
			isa = PBXTargetDependency;
			target = 2417FCAD300939F50099599A /* ProjectTrackerWidgetExtension */;
			targetProxy = 2417FCC0300939F60099599A /* PBXContainerItemProxy */;
		};
/* End PBXTargetDependency section */

/* Begin XCBuildConfiguration section */
		2417FC89300938F60099599A /* Debug */ = {
			isa = XCBuildConfiguration;
			baseConfigurationReference = C0DE0001000000000000AAAA /* Shared.xcconfig */;
			buildSettings = {
				ALWAYS_SEARCH_USER_PATHS = NO;
				ASSETCATALOG_COMPILER_GENERATE_SWIFT_ASSET_SYMBOL_EXTENSIONS = YES;
				CLANG_ANALYZER_NONNULL = YES;
				CLANG_ANALYZER_NUMBER_OBJECT_CONVERSION = YES_AGGRESSIVE;
				CLANG_CXX_LANGUAGE_STANDARD = "gnu++20";
				CLANG_ENABLE_MODULES = YES;
				CLANG_ENABLE_OBJC_ARC = YES;
				CLANG_ENABLE_OBJC_WEAK = YES;
				CLANG_WARN_BLOCK_CAPTURE_AUTORELEASING = YES;
				CLANG_WARN_BOOL_CONVERSION = YES;
				CLANG_WARN_COMMA = YES;
				CLANG_WARN_CONSTANT_CONVERSION = YES;
				CLANG_WARN_DEPRECATED_OBJC_IMPLEMENTATIONS = YES;
				CLANG_WARN_DIRECT_OBJC_ISA_USAGE = YES_ERROR;
				CLANG_WARN_DOCUMENTATION_COMMENTS = YES;
				CLANG_WARN_EMPTY_BODY = YES;
				CLANG_WARN_ENUM_CONVERSION = YES;
				CLANG_WARN_INFINITE_RECURSION = YES;
				CLANG_WARN_INT_CONVERSION = YES;
				CLANG_WARN_NON_LITERAL_NULL_CONVERSION = YES;
				CLANG_WARN_OBJC_IMPLICIT_RETAIN_SELF = YES;
				CLANG_WARN_OBJC_LITERAL_CONVERSION = YES;
				CLANG_WARN_OBJC_ROOT_CLASS = YES_ERROR;
				CLANG_WARN_QUOTED_INCLUDE_IN_FRAMEWORK_HEADER = YES;
				CLANG_WARN_RANGE_LOOP_ANALYSIS = YES;
				CLANG_WARN_STRICT_PROTOTYPES = YES;
				CLANG_WARN_SUSPICIOUS_MOVE = YES;
				CLANG_WARN_UNGUARDED_AVAILABILITY = YES_AGGRESSIVE;
				CLANG_WARN_UNREACHABLE_CODE = YES;
				CLANG_WARN__DUPLICATE_METHOD_MATCH = YES;
				COPY_PHASE_STRIP = NO;
				DEBUG_INFORMATION_FORMAT = dwarf;
				ENABLE_STRICT_OBJC_MSGSEND = YES;
				ENABLE_TESTABILITY = YES;
				ENABLE_USER_SCRIPT_SANDBOXING = YES;
				GCC_C_LANGUAGE_STANDARD = gnu17;
				GCC_DYNAMIC_NO_PIC = NO;
				GCC_NO_COMMON_BLOCKS = YES;
				GCC_OPTIMIZATION_LEVEL = 0;
				GCC_PREPROCESSOR_DEFINITIONS = (
					"DEBUG=1",
					"$(inherited)",
				);
				GCC_WARN_64_TO_32_BIT_CONVERSION = YES;
				GCC_WARN_ABOUT_RETURN_TYPE = YES_ERROR;
				GCC_WARN_UNDECLARED_SELECTOR = YES;
				GCC_WARN_UNINITIALIZED_AUTOS = YES_AGGRESSIVE;
				GCC_WARN_UNUSED_FUNCTION = YES;
				GCC_WARN_UNUSED_VARIABLE = YES;
				LOCALIZATION_PREFERS_STRING_CATALOGS = YES;
				MACOSX_DEPLOYMENT_TARGET = 14.0;
				MTL_ENABLE_DEBUG_INFO = INCLUDE_SOURCE;
				MTL_FAST_MATH = YES;
				ONLY_ACTIVE_ARCH = YES;
				SDKROOT = macosx;
				SWIFT_ACTIVE_COMPILATION_CONDITIONS = "DEBUG $(inherited)";
				SWIFT_OPTIMIZATION_LEVEL = "-Onone";
			};
			name = Debug;
		};
		2417FC8A300938F60099599A /* Release */ = {
			isa = XCBuildConfiguration;
			baseConfigurationReference = C0DE0001000000000000AAAA /* Shared.xcconfig */;
			buildSettings = {
				ALWAYS_SEARCH_USER_PATHS = NO;
				ASSETCATALOG_COMPILER_GENERATE_SWIFT_ASSET_SYMBOL_EXTENSIONS = YES;
				CLANG_ANALYZER_NONNULL = YES;
				CLANG_ANALYZER_NUMBER_OBJECT_CONVERSION = YES_AGGRESSIVE;
				CLANG_CXX_LANGUAGE_STANDARD = "gnu++20";
				CLANG_ENABLE_MODULES = YES;
				CLANG_ENABLE_OBJC_ARC = YES;
				CLANG_ENABLE_OBJC_WEAK = YES;
				CLANG_WARN_BLOCK_CAPTURE_AUTORELEASING = YES;
				CLANG_WARN_BOOL_CONVERSION = YES;
				CLANG_WARN_COMMA = YES;
				CLANG_WARN_CONSTANT_CONVERSION = YES;
				CLANG_WARN_DEPRECATED_OBJC_IMPLEMENTATIONS = YES;
				CLANG_WARN_DIRECT_OBJC_ISA_USAGE = YES_ERROR;
				CLANG_WARN_DOCUMENTATION_COMMENTS = YES;
				CLANG_WARN_EMPTY_BODY = YES;
				CLANG_WARN_ENUM_CONVERSION = YES;
				CLANG_WARN_INFINITE_RECURSION = YES;
				CLANG_WARN_INT_CONVERSION = YES;
				CLANG_WARN_NON_LITERAL_NULL_CONVERSION = YES;
				CLANG_WARN_OBJC_IMPLICIT_RETAIN_SELF = YES;
				CLANG_WARN_OBJC_LITERAL_CONVERSION = YES;
				CLANG_WARN_OBJC_ROOT_CLASS = YES_ERROR;
				CLANG_WARN_QUOTED_INCLUDE_IN_FRAMEWORK_HEADER = YES;
				CLANG_WARN_RANGE_LOOP_ANALYSIS = YES;
				CLANG_WARN_STRICT_PROTOTYPES = YES;
				CLANG_WARN_SUSPICIOUS_MOVE = YES;
				CLANG_WARN_UNGUARDED_AVAILABILITY = YES_AGGRESSIVE;
				CLANG_WARN_UNREACHABLE_CODE = YES;
				CLANG_WARN__DUPLICATE_METHOD_MATCH = YES;
				COPY_PHASE_STRIP = NO;
				DEBUG_INFORMATION_FORMAT = "dwarf-with-dsym";
				ENABLE_NS_ASSERTIONS = NO;
				ENABLE_STRICT_OBJC_MSGSEND = YES;
				ENABLE_USER_SCRIPT_SANDBOXING = YES;
				GCC_C_LANGUAGE_STANDARD = gnu17;
				GCC_NO_COMMON_BLOCKS = YES;
				GCC_WARN_64_TO_32_BIT_CONVERSION = YES;
				GCC_WARN_ABOUT_RETURN_TYPE = YES_ERROR;
				GCC_WARN_UNDECLARED_SELECTOR = YES;
				GCC_WARN_UNINITIALIZED_AUTOS = YES_AGGRESSIVE;
				GCC_WARN_UNUSED_FUNCTION = YES;
				GCC_WARN_UNUSED_VARIABLE = YES;
				LOCALIZATION_PREFERS_STRING_CATALOGS = YES;
				MACOSX_DEPLOYMENT_TARGET = 14.0;
				MTL_ENABLE_DEBUG_INFO = NO;
				MTL_FAST_MATH = YES;
				SDKROOT = macosx;
				SWIFT_COMPILATION_MODE = wholemodule;
			};
			name = Release;
		};
		2417FC8C300938F60099599A /* Debug */ = {
			isa = XCBuildConfiguration;
			buildSettings = {
				ASSETCATALOG_COMPILER_APPICON_NAME = AppIcon;
				ASSETCATALOG_COMPILER_GLOBAL_ACCENT_COLOR_NAME = AccentColor;
				CODE_SIGN_ENTITLEMENTS = ProjectTracker/ProjectTracker.entitlements;
				"CODE_SIGN_IDENTITY[sdk=macosx*]" = "Apple Development";
				CODE_SIGN_STYLE = Automatic;
				COMBINE_HIDPI_IMAGES = YES;
				CURRENT_PROJECT_VERSION = 2;
				ENABLE_APP_SANDBOX = YES;
				ENABLE_PREVIEWS = YES;
				ENABLE_USER_SELECTED_FILES = readwrite;
				GENERATE_INFOPLIST_FILE = YES;
				INFOPLIST_FILE = ProjectTracker/Info.plist;
				INFOPLIST_KEY_CFBundleDisplayName = "Project Tracker";
				INFOPLIST_KEY_NSHumanReadableCopyright = "";
				INFOPLIST_KEY_UILaunchScreen_Generation = YES;
				IPHONEOS_DEPLOYMENT_TARGET = 17.0;
				LD_RUNPATH_SEARCH_PATHS = (
					"$(inherited)",
					"@executable_path/../Frameworks",
				);
				MARKETING_VERSION = 1.1;
				PRODUCT_BUNDLE_IDENTIFIER = com.lkavi.ProjectTracker;
				PRODUCT_MODULE_NAME = ProjectTracker;
				PRODUCT_NAME = "Project Tracker";
				REGISTER_APP_GROUPS = YES;
				STRING_CATALOG_GENERATE_SYMBOLS = YES;
				SUPPORTED_PLATFORMS = "iphoneos iphonesimulator macosx";
				SUPPORTS_MACCATALYST = NO;
				SWIFT_APPROACHABLE_CONCURRENCY = YES;
				SWIFT_DEFAULT_ACTOR_ISOLATION = MainActor;
				SWIFT_EMIT_LOC_STRINGS = YES;
				SWIFT_UPCOMING_FEATURE_MEMBER_IMPORT_VISIBILITY = YES;
				SWIFT_VERSION = 5.0;
				TARGETED_DEVICE_FAMILY = "1,2";
			};
			name = Debug;
		};
		2417FC8D300938F60099599A /* Release */ = {
			isa = XCBuildConfiguration;
			buildSettings = {
				ASSETCATALOG_COMPILER_APPICON_NAME = AppIcon;
				ASSETCATALOG_COMPILER_GLOBAL_ACCENT_COLOR_NAME = AccentColor;
				CODE_SIGN_ENTITLEMENTS = ProjectTracker/ProjectTracker.entitlements;
				"CODE_SIGN_IDENTITY[sdk=macosx*]" = "Apple Development";
				CODE_SIGN_STYLE = Automatic;
				COMBINE_HIDPI_IMAGES = YES;
				CURRENT_PROJECT_VERSION = 2;
				ENABLE_APP_SANDBOX = YES;
				ENABLE_PREVIEWS = YES;
				ENABLE_USER_SELECTED_FILES = readwrite;
				GENERATE_INFOPLIST_FILE = YES;
				INFOPLIST_FILE = ProjectTracker/Info.plist;
				INFOPLIST_KEY_CFBundleDisplayName = "Project Tracker";
				INFOPLIST_KEY_NSHumanReadableCopyright = "";
				INFOPLIST_KEY_UILaunchScreen_Generation = YES;
				IPHONEOS_DEPLOYMENT_TARGET = 17.0;
				LD_RUNPATH_SEARCH_PATHS = (
					"$(inherited)",
					"@executable_path/../Frameworks",
				);
				MARKETING_VERSION = 1.1;
				PRODUCT_BUNDLE_IDENTIFIER = com.lkavi.ProjectTracker;
				PRODUCT_MODULE_NAME = ProjectTracker;
				PRODUCT_NAME = "Project Tracker";
				REGISTER_APP_GROUPS = YES;
				STRING_CATALOG_GENERATE_SYMBOLS = YES;
				SUPPORTED_PLATFORMS = "iphoneos iphonesimulator macosx";
				SUPPORTS_MACCATALYST = NO;
				SWIFT_APPROACHABLE_CONCURRENCY = YES;
				SWIFT_DEFAULT_ACTOR_ISOLATION = MainActor;
				SWIFT_EMIT_LOC_STRINGS = YES;
				SWIFT_UPCOMING_FEATURE_MEMBER_IMPORT_VISIBILITY = YES;
				SWIFT_VERSION = 5.0;
				TARGETED_DEVICE_FAMILY = "1,2";
			};
			name = Release;
		};
		2417FC8F300938F60099599A /* Debug */ = {
			isa = XCBuildConfiguration;
			buildSettings = {
				BUNDLE_LOADER = "$(TEST_HOST)";
				CODE_SIGN_STYLE = Automatic;
				CURRENT_PROJECT_VERSION = 2;
				GENERATE_INFOPLIST_FILE = YES;
				IPHONEOS_DEPLOYMENT_TARGET = 17.0;
				MACOSX_DEPLOYMENT_TARGET = 14.0;
				MARKETING_VERSION = 1.1;
				PRODUCT_BUNDLE_IDENTIFIER = com.lkavi.ProjectTrackerTests;
				PRODUCT_NAME = "$(TARGET_NAME)";
				STRING_CATALOG_GENERATE_SYMBOLS = NO;
				SUPPORTED_PLATFORMS = "iphoneos iphonesimulator macosx";
				SUPPORTS_MACCATALYST = NO;
				SWIFT_APPROACHABLE_CONCURRENCY = YES;
				SWIFT_EMIT_LOC_STRINGS = NO;
				SWIFT_UPCOMING_FEATURE_MEMBER_IMPORT_VISIBILITY = YES;
				SWIFT_VERSION = 5.0;
				TARGETED_DEVICE_FAMILY = "1,2";
				TEST_HOST = "$(BUILT_PRODUCTS_DIR)/Project Tracker.app/$(BUNDLE_EXECUTABLE_FOLDER_PATH)/Project Tracker";
			};
			name = Debug;
		};
		2417FC90300938F60099599A /* Release */ = {
			isa = XCBuildConfiguration;
			buildSettings = {
				BUNDLE_LOADER = "$(TEST_HOST)";
				CODE_SIGN_STYLE = Automatic;
				CURRENT_PROJECT_VERSION = 2;
				GENERATE_INFOPLIST_FILE = YES;
				IPHONEOS_DEPLOYMENT_TARGET = 17.0;
				MACOSX_DEPLOYMENT_TARGET = 14.0;
				MARKETING_VERSION = 1.1;
				PRODUCT_BUNDLE_IDENTIFIER = com.lkavi.ProjectTrackerTests;
				PRODUCT_NAME = "$(TARGET_NAME)";
				STRING_CATALOG_GENERATE_SYMBOLS = NO;
				SUPPORTED_PLATFORMS = "iphoneos iphonesimulator macosx";
				SUPPORTS_MACCATALYST = NO;
				SWIFT_APPROACHABLE_CONCURRENCY = YES;
				SWIFT_EMIT_LOC_STRINGS = NO;
				SWIFT_UPCOMING_FEATURE_MEMBER_IMPORT_VISIBILITY = YES;
				SWIFT_VERSION = 5.0;
				TARGETED_DEVICE_FAMILY = "1,2";
				TEST_HOST = "$(BUILT_PRODUCTS_DIR)/Project Tracker.app/$(BUNDLE_EXECUTABLE_FOLDER_PATH)/Project Tracker";
			};
			name = Release;
		};
		2417FC92300938F60099599A /* Debug */ = {
			isa = XCBuildConfiguration;
			buildSettings = {
				CODE_SIGN_STYLE = Automatic;
				CURRENT_PROJECT_VERSION = 2;
				GENERATE_INFOPLIST_FILE = YES;
				IPHONEOS_DEPLOYMENT_TARGET = 17.0;
				MARKETING_VERSION = 1.1;
				PRODUCT_BUNDLE_IDENTIFIER = com.lkavi.ProjectTrackerUITests;
				PRODUCT_NAME = "$(TARGET_NAME)";
				STRING_CATALOG_GENERATE_SYMBOLS = NO;
				SUPPORTED_PLATFORMS = "iphoneos iphonesimulator macosx";
				SUPPORTS_MACCATALYST = NO;
				SWIFT_APPROACHABLE_CONCURRENCY = YES;
				SWIFT_EMIT_LOC_STRINGS = NO;
				SWIFT_UPCOMING_FEATURE_MEMBER_IMPORT_VISIBILITY = YES;
				SWIFT_VERSION = 5.0;
				TARGETED_DEVICE_FAMILY = "1,2";
				TEST_TARGET_NAME = ProjectTracker;
			};
			name = Debug;
		};
		2417FC93300938F60099599A /* Release */ = {
			isa = XCBuildConfiguration;
			buildSettings = {
				CODE_SIGN_STYLE = Automatic;
				CURRENT_PROJECT_VERSION = 2;
				GENERATE_INFOPLIST_FILE = YES;
				IPHONEOS_DEPLOYMENT_TARGET = 17.0;
				MARKETING_VERSION = 1.1;
				PRODUCT_BUNDLE_IDENTIFIER = com.lkavi.ProjectTrackerUITests;
				PRODUCT_NAME = "$(TARGET_NAME)";
				STRING_CATALOG_GENERATE_SYMBOLS = NO;
				SUPPORTED_PLATFORMS = "iphoneos iphonesimulator macosx";
				SUPPORTS_MACCATALYST = NO;
				SWIFT_APPROACHABLE_CONCURRENCY = YES;
				SWIFT_EMIT_LOC_STRINGS = NO;
				SWIFT_UPCOMING_FEATURE_MEMBER_IMPORT_VISIBILITY = YES;
				SWIFT_VERSION = 5.0;
				TARGETED_DEVICE_FAMILY = "1,2";
				TEST_TARGET_NAME = ProjectTracker;
			};
			name = Release;
		};
		2417FCC5300939F60099599A /* Debug */ = {
			isa = XCBuildConfiguration;
			buildSettings = {
				ASSETCATALOG_COMPILER_GLOBAL_ACCENT_COLOR_NAME = AccentColor;
				ASSETCATALOG_COMPILER_WIDGET_BACKGROUND_COLOR_NAME = WidgetBackground;
				CODE_SIGN_ENTITLEMENTS = ProjectTrackerWidgetExtension.entitlements;
				"CODE_SIGN_IDENTITY[sdk=macosx*]" = "Apple Development";
				CODE_SIGN_STYLE = Automatic;
				CURRENT_PROJECT_VERSION = 2;
				ENABLE_APP_SANDBOX = YES;
				GENERATE_INFOPLIST_FILE = YES;
				INFOPLIST_FILE = ProjectTrackerWidget/Info.plist;
				INFOPLIST_KEY_CFBundleDisplayName = "Project Tracker";
				INFOPLIST_KEY_NSHumanReadableCopyright = "";
				IPHONEOS_DEPLOYMENT_TARGET = 17.0;
				LD_RUNPATH_SEARCH_PATHS = (
					"$(inherited)",
					"@executable_path/../Frameworks",
					"@executable_path/../../../../Frameworks",
				);
				MACOSX_DEPLOYMENT_TARGET = 14.0;
				MARKETING_VERSION = 1.1;
				PRODUCT_BUNDLE_IDENTIFIER = com.lkavi.ProjectTracker.Widget;
				PRODUCT_NAME = "$(TARGET_NAME)";
				REGISTER_APP_GROUPS = YES;
				SKIP_INSTALL = YES;
				STRING_CATALOG_GENERATE_SYMBOLS = YES;
				SUPPORTED_PLATFORMS = "iphoneos iphonesimulator macosx";
				SUPPORTS_MACCATALYST = NO;
				SWIFT_APPROACHABLE_CONCURRENCY = YES;
				SWIFT_EMIT_LOC_STRINGS = YES;
				SWIFT_UPCOMING_FEATURE_MEMBER_IMPORT_VISIBILITY = YES;
				SWIFT_VERSION = 5.0;
				TARGETED_DEVICE_FAMILY = "1,2";
			};
			name = Debug;
		};
		2417FCC6300939F60099599A /* Release */ = {
			isa = XCBuildConfiguration;
			buildSettings = {
				ASSETCATALOG_COMPILER_GLOBAL_ACCENT_COLOR_NAME = AccentColor;
				ASSETCATALOG_COMPILER_WIDGET_BACKGROUND_COLOR_NAME = WidgetBackground;
				CODE_SIGN_ENTITLEMENTS = ProjectTrackerWidgetExtension.entitlements;
				"CODE_SIGN_IDENTITY[sdk=macosx*]" = "Apple Development";
				CODE_SIGN_STYLE = Automatic;
				CURRENT_PROJECT_VERSION = 2;
				ENABLE_APP_SANDBOX = YES;
				GENERATE_INFOPLIST_FILE = YES;
				INFOPLIST_FILE = ProjectTrackerWidget/Info.plist;
				INFOPLIST_KEY_CFBundleDisplayName = "Project Tracker";
				INFOPLIST_KEY_NSHumanReadableCopyright = "";
				IPHONEOS_DEPLOYMENT_TARGET = 17.0;
				LD_RUNPATH_SEARCH_PATHS = (
					"$(inherited)",
					"@executable_path/../Frameworks",
					"@executable_path/../../../../Frameworks",
				);
				MACOSX_DEPLOYMENT_TARGET = 14.0;
				MARKETING_VERSION = 1.1;
				PRODUCT_BUNDLE_IDENTIFIER = com.lkavi.ProjectTracker.Widget;
				PRODUCT_NAME = "$(TARGET_NAME)";
				REGISTER_APP_GROUPS = YES;
				SKIP_INSTALL = YES;
				STRING_CATALOG_GENERATE_SYMBOLS = YES;
				SUPPORTED_PLATFORMS = "iphoneos iphonesimulator macosx";
				SUPPORTS_MACCATALYST = NO;
				SWIFT_APPROACHABLE_CONCURRENCY = YES;
				SWIFT_EMIT_LOC_STRINGS = YES;
				SWIFT_UPCOMING_FEATURE_MEMBER_IMPORT_VISIBILITY = YES;
				SWIFT_VERSION = 5.0;
				TARGETED_DEVICE_FAMILY = "1,2";
			};
			name = Release;
		};
/* End XCBuildConfiguration section */

/* Begin XCConfigurationList section */
		2417FC60300938F50099599A /* Build configuration list for PBXProject "ProjectTracker" */ = {
			isa = XCConfigurationList;
			buildConfigurations = (
				2417FC89300938F60099599A /* Debug */,
				2417FC8A300938F60099599A /* Release */,
			);
			defaultConfigurationIsVisible = 0;
			defaultConfigurationName = Release;
		};
		2417FC8B300938F60099599A /* Build configuration list for PBXNativeTarget "ProjectTracker" */ = {
			isa = XCConfigurationList;
			buildConfigurations = (
				2417FC8C300938F60099599A /* Debug */,
				2417FC8D300938F60099599A /* Release */,
			);
			defaultConfigurationIsVisible = 0;
			defaultConfigurationName = Release;
		};
		2417FC8E300938F60099599A /* Build configuration list for PBXNativeTarget "ProjectTrackerTests" */ = {
			isa = XCConfigurationList;
			buildConfigurations = (
				2417FC8F300938F60099599A /* Debug */,
				2417FC90300938F60099599A /* Release */,
			);
			defaultConfigurationIsVisible = 0;
			defaultConfigurationName = Release;
		};
		2417FC91300938F60099599A /* Build configuration list for PBXNativeTarget "ProjectTrackerUITests" */ = {
			isa = XCConfigurationList;
			buildConfigurations = (
				2417FC92300938F60099599A /* Debug */,
				2417FC93300938F60099599A /* Release */,
			);
			defaultConfigurationIsVisible = 0;
			defaultConfigurationName = Release;
		};
		2417FCC4300939F60099599A /* Build configuration list for PBXNativeTarget "ProjectTrackerWidgetExtension" */ = {
			isa = XCConfigurationList;
			buildConfigurations = (
				2417FCC5300939F60099599A /* Debug */,
				2417FCC6300939F60099599A /* Release */,
			);
			defaultConfigurationIsVisible = 0;
			defaultConfigurationName = Release;
		};
/* End XCConfigurationList section */
	};
	rootObject = 2417FC5D300938F50099599A /* Project object */;
}
